
Microsoft Visual Studio Solution File, Format Version 12.00
# Visual Studio Version 16
VisualStudioVersion = 16.0.34931.43
MinimumVisualStudioVersion = 10.0.40219.1
Project("{FAE04EC0-301F-11D3-BF4B-00C04F79EFBC}") = "PragmaticSpinFetcher", "PragmaticDemoBot\PragmaticSpinFetcher.csproj", "{09080DB3-FDC2-4A2B-BB82-FA394EA1E7A0}"
EndProject
Global
	GlobalSection(SolutionConfigurationPlatforms) = preSolution
		Debug|Any CPU = Debug|Any CPU
		Release|Any CPU = Release|Any CPU
	EndGlobalSection
	GlobalSection(ProjectConfigurationPlatforms) = postSolution
		{09080DB3-FDC2-4A2B-BB82-FA394EA1E7A0}.Debug|Any CPU.ActiveCfg = Debug|Any CPU
		{09080DB3-FDC2-4A2B-BB82-FA394EA1E7A0}.Debug|Any CPU.Build.0 = Debug|Any CPU
		{09080DB3-FDC2-4A2B-BB82-FA394EA1E7A0}.Release|Any CPU.ActiveCfg = Release|Any CPU
		{09080DB3-FDC2-4A2B-BB82-FA394EA1E7A0}.Release|Any CPU.Build.0 = Release|Any CPU
	EndGlobalSection
	GlobalSection(SolutionProperties) = preSolution
		HideSolutionNode = FALSE
	EndGlobalSection
	GlobalSection(ExtensibilityGlobals) = postSolution
		SolutionGuid = {38D0CE8B-E746-418D-96EA-1F73E2466C65}
	EndGlobalSection
EndGlobal
