
Microsoft Visual Studio Solution File, Format Version 12.00
# Visual Studio Version 17
VisualStudioVersion = 17.4.33103.184
MinimumVisualStudioVersion = 10.0.40219.1
Project("{FAE04EC0-301F-11D3-BF4B-00C04F79EFBC}") = "PGSpinDBBuilder", "PGSpinDBBuilder\PGSpinDBBuilder.csproj", "{09080DB3-FDC2-4A2B-BB82-FA394EA1E7A0}"
EndProject
Project("{FAE04EC0-301F-11D3-BF4B-00C04F79EFBC}") = "MongoDBConvert", "MongoDBConvert\MongoDBConvert.csproj", "{605FB754-F160-480D-B107-00E4D5770ACC}"
EndProject
Project("{FAE04EC0-301F-11D3-BF4B-00C04F79EFBC}") = "ParameterConvert", "ParameterConvert\ParameterConvert.csproj", "{38C8B99C-9C00-420A-8C24-095D29E6D22F}"
EndProject
Global
	GlobalSection(SolutionConfigurationPlatforms) = preSolution
		Debug|Any CPU = Debug|Any CPU
		Release|Any CPU = Release|Any CPU
	EndGlobalSection
	GlobalSection(ProjectConfigurationPlatforms) = postSolution
		{09080DB3-FDC2-4A2B-BB82-FA394EA1E7A0}.Debug|Any CPU.ActiveCfg = Debug|Any CPU
		{09080DB3-FDC2-4A2B-BB82-FA394EA1E7A0}.Debug|Any CPU.Build.0 = Debug|Any CPU
		{09080DB3-FDC2-4A2B-BB82-FA394EA1E7A0}.Release|Any CPU.ActiveCfg = Release|Any CPU
		{09080DB3-FDC2-4A2B-BB82-FA394EA1E7A0}.Release|Any CPU.Build.0 = Release|Any CPU
		{605FB754-F160-480D-B107-00E4D5770ACC}.Debug|Any CPU.ActiveCfg = Debug|Any CPU
		{605FB754-F160-480D-B107-00E4D5770ACC}.Debug|Any CPU.Build.0 = Debug|Any CPU
		{605FB754-F160-480D-B107-00E4D5770ACC}.Release|Any CPU.ActiveCfg = Release|Any CPU
		{605FB754-F160-480D-B107-00E4D5770ACC}.Release|Any CPU.Build.0 = Release|Any CPU
		{38C8B99C-9C00-420A-8C24-095D29E6D22F}.Debug|Any CPU.ActiveCfg = Debug|Any CPU
		{38C8B99C-9C00-420A-8C24-095D29E6D22F}.Debug|Any CPU.Build.0 = Debug|Any CPU
		{38C8B99C-9C00-420A-8C24-095D29E6D22F}.Release|Any CPU.ActiveCfg = Release|Any CPU
		{38C8B99C-9C00-420A-8C24-095D29E6D22F}.Release|Any CPU.Build.0 = Release|Any CPU
	EndGlobalSection
	GlobalSection(SolutionProperties) = preSolution
		HideSolutionNode = FALSE
	EndGlobalSection
	GlobalSection(ExtensibilityGlobals) = postSolution
		SolutionGuid = {DA395811-24FB-47AA-97DE-4DAAAE70A8BE}
	EndGlobalSection
EndGlobal
