
Microsoft Visual Studio Solution File, Format Version 12.00
# Visual Studio Version 16
VisualStudioVersion = 16.0.33529.622
MinimumVisualStudioVersion = 10.0.40219.1
Project("{FAE04EC0-301F-11D3-BF4B-00C04F79EFBC}") = "RealTimeDBBackUp", "RealTimeDBBackUp\RealTimeDBBackUp.csproj", "{69AB71A5-70ED-4D22-962C-27C614ED3356}"
EndProject
Global
	GlobalSection(SolutionConfigurationPlatforms) = preSolution
		Debug|Any CPU = Debug|Any CPU
		Release|Any CPU = Release|Any CPU
	EndGlobalSection
	GlobalSection(ProjectConfigurationPlatforms) = postSolution
		{69AB71A5-70ED-4D22-962C-27C614ED3356}.Debug|Any CPU.ActiveCfg = Debug|Any CPU
		{69AB71A5-70ED-4D22-962C-27C614ED3356}.Debug|Any CPU.Build.0 = Debug|Any CPU
		{69AB71A5-70ED-4D22-962C-27C614ED3356}.Release|Any CPU.ActiveCfg = Release|Any CPU
		{69AB71A5-70ED-4D22-962C-27C614ED3356}.Release|Any CPU.Build.0 = Release|Any CPU
	EndGlobalSection
	GlobalSection(SolutionProperties) = preSolution
		HideSolutionNode = FALSE
	EndGlobalSection
	GlobalSection(ExtensibilityGlobals) = postSolution
		SolutionGuid = {8AF19018-B65F-4580-A82F-C0714381EF01}
	EndGlobalSection
EndGlobal
