
Microsoft Visual Studio Solution File, Format Version 12.00
# Visual Studio Version 17
VisualStudioVersion = 17.4.33103.184
MinimumVisualStudioVersion = 10.0.40219.1
Project("{FAE04EC0-301F-11D3-BF4B-00C04F79EFBC}") = "Frontend(GitSlotPark)", "GodCasinoClient\Frontend(GitSlotPark).csproj", "{D46E1697-6189-429A-9824-7BC2ED062EB3}"
EndProject
Project("{FAE04EC0-301F-11D3-BF4B-00C04F79EFBC}") = "PPHistoryClient", "PPHistoryClient\PPHistoryClient.csproj", "{46B507AF-6716-40F9-83DD-CBD89B01CFB4}"
EndProject
Global
	GlobalSection(SolutionConfigurationPlatforms) = preSolution
		Debug|Any CPU = Debug|Any CPU
		Release|Any CPU = Release|Any CPU
	EndGlobalSection
	GlobalSection(ProjectConfigurationPlatforms) = postSolution
		{D46E1697-6189-429A-9824-7BC2ED062EB3}.Debug|Any CPU.ActiveCfg = Debug|Any CPU
		{D46E1697-6189-429A-9824-7BC2ED062EB3}.Debug|Any CPU.Build.0 = Debug|Any CPU
		{D46E1697-6189-429A-9824-7BC2ED062EB3}.Release|Any CPU.ActiveCfg = Release|Any CPU
		{D46E1697-6189-429A-9824-7BC2ED062EB3}.Release|Any CPU.Build.0 = Release|Any CPU
		{46B507AF-6716-40F9-83DD-CBD89B01CFB4}.Debug|Any CPU.ActiveCfg = Debug|Any CPU
		{46B507AF-6716-40F9-83DD-CBD89B01CFB4}.Debug|Any CPU.Build.0 = Debug|Any CPU
		{46B507AF-6716-40F9-83DD-CBD89B01CFB4}.Release|Any CPU.ActiveCfg = Release|Any CPU
		{46B507AF-6716-40F9-83DD-CBD89B01CFB4}.Release|Any CPU.Build.0 = Release|Any CPU
	EndGlobalSection
	GlobalSection(SolutionProperties) = preSolution
		HideSolutionNode = FALSE
	EndGlobalSection
	GlobalSection(ExtensibilityGlobals) = postSolution
		SolutionGuid = {495F8F0A-2AC3-4C43-BC8C-397360F1798B}
	EndGlobalSection
EndGlobal
